
Microsoft Visual Studio Solution File, Format Version 12.00
# Visual Studio 15
VisualStudioVersion = 15.0.28307.271
MinimumVisualStudioVersion = 10.0.40219.1
Project("{FAE04EC0-301F-11D3-BF4B-00C04F79EFBC}") = "Projet_Innovation", "WindowsFormsApp3\Projet_Innovation.csproj", "{4657490E-55F2-4F98-A8A3-A59D7E1CF997}"
EndProject
Global
	GlobalSection(SolutionConfigurationPlatforms) = preSolution
		Debug|Any CPU = Debug|Any CPU
		Release|Any CPU = Release|Any CPU
	EndGlobalSection
	GlobalSection(ProjectConfigurationPlatforms) = postSolution
		{4657490E-55F2-4F98-A8A3-A59D7E1CF997}.Debug|Any CPU.ActiveCfg = Debug|Any CPU
		{4657490E-55F2-4F98-A8A3-A59D7E1CF997}.Debug|Any CPU.Build.0 = Debug|Any CPU
		{4657490E-55F2-4F98-A8A3-A59D7E1CF997}.Release|Any CPU.ActiveCfg = Release|Any CPU
		{4657490E-55F2-4F98-A8A3-A59D7E1CF997}.Release|Any CPU.Build.0 = Release|Any CPU
	EndGlobalSection
	GlobalSection(SolutionProperties) = preSolution
		HideSolutionNode = FALSE
	EndGlobalSection
	GlobalSection(ExtensibilityGlobals) = postSolution
		SolutionGuid = {6A643AAC-E0FB-48DD-8ED5-619E05DD37F8}
	EndGlobalSection
EndGlobal
